
Microsoft Visual Studio Solution File, Format Version 12.00
# Visual Studio 2012
Project("{FAE04EC0-301F-11D3-BF4B-00C04F79EFBC}") = "ssoftvn2017", "ssoftvn2017\ssoftvn2017.csproj", "{EAD2EB7B-10BE-41B0-9844-39888C3F90E2}"
EndProject
Project("{FAE04EC0-301F-11D3-BF4B-00C04F79EFBC}") = "Model", "Model\Model.csproj", "{5DE0A0A7-6C8F-4EB7-8090-E205D0B30431}"
EndProject
Project("{FAE04EC0-301F-11D3-BF4B-00C04F79EFBC}") = "libDM_DoiTuong", "libDM_DoiTuong\libDM_DoiTuong.csproj", "{F68745D9-F13D-4E55-A4AB-9B62740B3853}"
EndProject
Project("{FAE04EC0-301F-11D3-BF4B-00C04F79EFBC}") = "libHoaDonBanLe", "libHoaDonBanLe\libHoaDonBanLe.csproj", "{4FFC1761-D79F-4291-866F-D10DE92ECAAA}"
EndProject
Project("{FAE04EC0-301F-11D3-BF4B-00C04F79EFBC}") = "libHoaDonBanLeChiTiet", "libHoaDonBanLeChiTiet\libHoaDonBanLeChiTiet.csproj", "{508E983A-6B77-4356-B67C-2612657908BA}"
EndProject
Project("{FAE04EC0-301F-11D3-BF4B-00C04F79EFBC}") = "libsys_NguoiDung", "libsys_NguoiDung\libsys_NguoiDung.csproj", "{513442A7-C6EF-4931-A3D3-58A11E8C974F}"
EndProject
Project("{FAE04EC0-301F-11D3-BF4B-00C04F79EFBC}") = "libBH_DonBanHang", "libBH_DonBanHang\libBH_DonBanHang.csproj", "{8AC570EB-7AA1-43F8-8D67-AEF74295D067}"
EndProject
Project("{FAE04EC0-301F-11D3-BF4B-00C04F79EFBC}") = "libBH_DonBanHang_ChiTiet", "libBH_DonBanHang_ChiTiet\libBH_DonBanHang_ChiTiet.csproj", "{90858AD0-046A-4348-8D96-78E5B55C52C0}"
EndProject
Project("{FAE04EC0-301F-11D3-BF4B-00C04F79EFBC}") = "libBH_DonMuaHang", "libBH_DonMuaHang\libBH_DonMuaHang.csproj", "{ED2849EE-74CD-4136-8C3A-A112AEFD94C2}"
EndProject
Project("{FAE04EC0-301F-11D3-BF4B-00C04F79EFBC}") = "libBH_DonMuaHang_ChiTiet", "libBH_DonMuaHang_ChiTiet\libBH_DonMuaHang_ChiTiet.csproj", "{D7F4A51C-7F61-47D7-A1DB-CFCC638C6D0C}"
EndProject
Project("{FAE04EC0-301F-11D3-BF4B-00C04F79EFBC}") = "libBH_MuaHang", "libBH_MuaHang\libBH_MuaHang.csproj", "{9A6BAF88-A6DB-437F-A528-4EAAB5C9EB4C}"
EndProject
Project("{FAE04EC0-301F-11D3-BF4B-00C04F79EFBC}") = "libBH_MuaHang_ChiTiet", "libBH_MuaHang_ChiTiet\libBH_MuaHang_ChiTiet.csproj", "{8A4180C3-FA73-4605-977A-259338902A3C}"
EndProject
Project("{FAE04EC0-301F-11D3-BF4B-00C04F79EFBC}") = "libDM_DonVi", "libDM_DonVi\libDM_DonVi.csproj", "{C57900D6-C367-4F45-8089-DFC7FF50B43E}"
EndProject
Project("{FAE04EC0-301F-11D3-BF4B-00C04F79EFBC}") = "libDM_DonViTinh", "libDM_DonViTinh\libDM_DonViTinh.csproj", "{FC530E70-1FFF-4D34-8116-E3C5236EFF71}"
EndProject
Project("{FAE04EC0-301F-11D3-BF4B-00C04F79EFBC}") = "libDM_GiaBan", "libDM_GiaBan\libDM_GiaBan.csproj", "{CD136E18-59D6-4F95-BF92-07B976B4AAE8}"
EndProject
Project("{FAE04EC0-301F-11D3-BF4B-00C04F79EFBC}") = "libDM_GiaBan_ChiTiet", "libDM_GiaBan_ChiTiet\libDM_GiaBan_ChiTiet.csproj", "{0FC1D1FC-5CE9-4816-B8C2-552F3DBE354A}"
EndProject
Project("{FAE04EC0-301F-11D3-BF4B-00C04F79EFBC}") = "libDM_HangHoa", "libDM_HangHoa\libDM_HangHoa.csproj", "{8CE4BB63-6948-4CA3-97E5-8F6126AB2F28}"
EndProject
Project("{FAE04EC0-301F-11D3-BF4B-00C04F79EFBC}") = "libDM_Kho", "libDM_Kho\libDM_Kho.csproj", "{9C953EDD-B57F-4922-BF40-44B7D1EF9E06}"
EndProject
Project("{FAE04EC0-301F-11D3-BF4B-00C04F79EFBC}") = "libDM_MaVach", "libDM_MaVach\libDM_MaVach.csproj", "{99F4D25E-3715-4096-AC02-20BB060670E0}"
EndProject
Project("{FAE04EC0-301F-11D3-BF4B-00C04F79EFBC}") = "libDM_NhanVien", "libDM_NhanVien\libDM_NhanVien.csproj", "{D3E5E484-24B0-4A62-8BAB-D2CF63C32BE2}"
EndProject
Project("{FAE04EC0-301F-11D3-BF4B-00C04F79EFBC}") = "libDM_NhomDoiTuong", "libDM_NhomDoiTuong\libDM_NhomDoiTuong.csproj", "{159A79A7-9F1F-4132-9A16-1C5D3EE4FFD2}"
EndProject
Project("{FAE04EC0-301F-11D3-BF4B-00C04F79EFBC}") = "libDM_NhomHangHoa", "libDM_NhomHangHoa\libDM_NhomHangHoa.csproj", "{BDD6CCA2-D89B-44E7-A86B-F5CABAFFDB10}"
EndProject
Project("{FAE04EC0-301F-11D3-BF4B-00C04F79EFBC}") = "libDonViQuiDoi", "libDonViQuiDoi\libDonViQuiDoi.csproj", "{F8DC5A4C-0F93-4A0C-A80E-BDE010E7A4AA}"
EndProject
Project("{FAE04EC0-301F-11D3-BF4B-00C04F79EFBC}") = "libHoaDonBan", "libHoaDonBan\libHoaDonBan.csproj", "{24B43047-B197-4EB6-89AC-9B214EE71C8F}"
EndProject
Project("{FAE04EC0-301F-11D3-BF4B-00C04F79EFBC}") = "libHoaDonBanChiTiet", "libHoaDonBanChiTiet\libHoaDonBanChiTiet.csproj", "{77CDC169-EF5B-4FF7-9851-902413D557F5}"
EndProject
Project("{FAE04EC0-301F-11D3-BF4B-00C04F79EFBC}") = "libKH_XuatKho", "libKH_XuatKho\libKH_XuatKho.csproj", "{3227001A-F20D-4A7D-AA72-AEF5202B233D}"
EndProject
Project("{FAE04EC0-301F-11D3-BF4B-00C04F79EFBC}") = "libKH_XuatKho_ChiTiet", "libKH_XuatKho_ChiTiet\libKH_XuatKho_ChiTiet.csproj", "{4904198C-3920-4414-B074-0F7F73F56330}"
EndProject
Project("{FAE04EC0-301F-11D3-BF4B-00C04F79EFBC}") = "libKho_DonVi", "libKho_DonVi\libKho_DonVi.csproj", "{04C0435B-CC61-4110-985B-FD09CAC4F127}"
EndProject
Global
	GlobalSection(SolutionConfigurationPlatforms) = preSolution
		Debug|Any CPU = Debug|Any CPU
		Release|Any CPU = Release|Any CPU
	EndGlobalSection
	GlobalSection(ProjectConfigurationPlatforms) = postSolution
		{EAD2EB7B-10BE-41B0-9844-39888C3F90E2}.Debug|Any CPU.ActiveCfg = Debug|Any CPU
		{EAD2EB7B-10BE-41B0-9844-39888C3F90E2}.Debug|Any CPU.Build.0 = Debug|Any CPU
		{EAD2EB7B-10BE-41B0-9844-39888C3F90E2}.Release|Any CPU.ActiveCfg = Release|Any CPU
		{EAD2EB7B-10BE-41B0-9844-39888C3F90E2}.Release|Any CPU.Build.0 = Release|Any CPU
		{5DE0A0A7-6C8F-4EB7-8090-E205D0B30431}.Debug|Any CPU.ActiveCfg = Debug|Any CPU
		{5DE0A0A7-6C8F-4EB7-8090-E205D0B30431}.Debug|Any CPU.Build.0 = Debug|Any CPU
		{5DE0A0A7-6C8F-4EB7-8090-E205D0B30431}.Release|Any CPU.ActiveCfg = Release|Any CPU
		{5DE0A0A7-6C8F-4EB7-8090-E205D0B30431}.Release|Any CPU.Build.0 = Release|Any CPU
		{F68745D9-F13D-4E55-A4AB-9B62740B3853}.Debug|Any CPU.ActiveCfg = Debug|Any CPU
		{F68745D9-F13D-4E55-A4AB-9B62740B3853}.Debug|Any CPU.Build.0 = Debug|Any CPU
		{F68745D9-F13D-4E55-A4AB-9B62740B3853}.Release|Any CPU.ActiveCfg = Release|Any CPU
		{F68745D9-F13D-4E55-A4AB-9B62740B3853}.Release|Any CPU.Build.0 = Release|Any CPU
		{4FFC1761-D79F-4291-866F-D10DE92ECAAA}.Debug|Any CPU.ActiveCfg = Debug|Any CPU
		{4FFC1761-D79F-4291-866F-D10DE92ECAAA}.Debug|Any CPU.Build.0 = Debug|Any CPU
		{4FFC1761-D79F-4291-866F-D10DE92ECAAA}.Release|Any CPU.ActiveCfg = Release|Any CPU
		{4FFC1761-D79F-4291-866F-D10DE92ECAAA}.Release|Any CPU.Build.0 = Release|Any CPU
		{508E983A-6B77-4356-B67C-2612657908BA}.Debug|Any CPU.ActiveCfg = Debug|Any CPU
		{508E983A-6B77-4356-B67C-2612657908BA}.Debug|Any CPU.Build.0 = Debug|Any CPU
		{508E983A-6B77-4356-B67C-2612657908BA}.Release|Any CPU.ActiveCfg = Release|Any CPU
		{508E983A-6B77-4356-B67C-2612657908BA}.Release|Any CPU.Build.0 = Release|Any CPU
		{513442A7-C6EF-4931-A3D3-58A11E8C974F}.Debug|Any CPU.ActiveCfg = Debug|Any CPU
		{513442A7-C6EF-4931-A3D3-58A11E8C974F}.Debug|Any CPU.Build.0 = Debug|Any CPU
		{513442A7-C6EF-4931-A3D3-58A11E8C974F}.Release|Any CPU.ActiveCfg = Release|Any CPU
		{513442A7-C6EF-4931-A3D3-58A11E8C974F}.Release|Any CPU.Build.0 = Release|Any CPU
		{8AC570EB-7AA1-43F8-8D67-AEF74295D067}.Debug|Any CPU.ActiveCfg = Debug|Any CPU
		{8AC570EB-7AA1-43F8-8D67-AEF74295D067}.Debug|Any CPU.Build.0 = Debug|Any CPU
		{8AC570EB-7AA1-43F8-8D67-AEF74295D067}.Release|Any CPU.ActiveCfg = Release|Any CPU
		{8AC570EB-7AA1-43F8-8D67-AEF74295D067}.Release|Any CPU.Build.0 = Release|Any CPU
		{90858AD0-046A-4348-8D96-78E5B55C52C0}.Debug|Any CPU.ActiveCfg = Debug|Any CPU
		{90858AD0-046A-4348-8D96-78E5B55C52C0}.Debug|Any CPU.Build.0 = Debug|Any CPU
		{90858AD0-046A-4348-8D96-78E5B55C52C0}.Release|Any CPU.ActiveCfg = Release|Any CPU
		{90858AD0-046A-4348-8D96-78E5B55C52C0}.Release|Any CPU.Build.0 = Release|Any CPU
		{ED2849EE-74CD-4136-8C3A-A112AEFD94C2}.Debug|Any CPU.ActiveCfg = Debug|Any CPU
		{ED2849EE-74CD-4136-8C3A-A112AEFD94C2}.Debug|Any CPU.Build.0 = Debug|Any CPU
		{ED2849EE-74CD-4136-8C3A-A112AEFD94C2}.Release|Any CPU.ActiveCfg = Release|Any CPU
		{ED2849EE-74CD-4136-8C3A-A112AEFD94C2}.Release|Any CPU.Build.0 = Release|Any CPU
		{D7F4A51C-7F61-47D7-A1DB-CFCC638C6D0C}.Debug|Any CPU.ActiveCfg = Debug|Any CPU
		{D7F4A51C-7F61-47D7-A1DB-CFCC638C6D0C}.Debug|Any CPU.Build.0 = Debug|Any CPU
		{D7F4A51C-7F61-47D7-A1DB-CFCC638C6D0C}.Release|Any CPU.ActiveCfg = Release|Any CPU
		{D7F4A51C-7F61-47D7-A1DB-CFCC638C6D0C}.Release|Any CPU.Build.0 = Release|Any CPU
		{9A6BAF88-A6DB-437F-A528-4EAAB5C9EB4C}.Debug|Any CPU.ActiveCfg = Debug|Any CPU
		{9A6BAF88-A6DB-437F-A528-4EAAB5C9EB4C}.Debug|Any CPU.Build.0 = Debug|Any CPU
		{9A6BAF88-A6DB-437F-A528-4EAAB5C9EB4C}.Release|Any CPU.ActiveCfg = Release|Any CPU
		{9A6BAF88-A6DB-437F-A528-4EAAB5C9EB4C}.Release|Any CPU.Build.0 = Release|Any CPU
		{8A4180C3-FA73-4605-977A-259338902A3C}.Debug|Any CPU.ActiveCfg = Debug|Any CPU
		{8A4180C3-FA73-4605-977A-259338902A3C}.Debug|Any CPU.Build.0 = Debug|Any CPU
		{8A4180C3-FA73-4605-977A-259338902A3C}.Release|Any CPU.ActiveCfg = Release|Any CPU
		{8A4180C3-FA73-4605-977A-259338902A3C}.Release|Any CPU.Build.0 = Release|Any CPU
		{C57900D6-C367-4F45-8089-DFC7FF50B43E}.Debug|Any CPU.ActiveCfg = Debug|Any CPU
		{C57900D6-C367-4F45-8089-DFC7FF50B43E}.Debug|Any CPU.Build.0 = Debug|Any CPU
		{C57900D6-C367-4F45-8089-DFC7FF50B43E}.Release|Any CPU.ActiveCfg = Release|Any CPU
		{C57900D6-C367-4F45-8089-DFC7FF50B43E}.Release|Any CPU.Build.0 = Release|Any CPU
		{FC530E70-1FFF-4D34-8116-E3C5236EFF71}.Debug|Any CPU.ActiveCfg = Debug|Any CPU
		{FC530E70-1FFF-4D34-8116-E3C5236EFF71}.Debug|Any CPU.Build.0 = Debug|Any CPU
		{FC530E70-1FFF-4D34-8116-E3C5236EFF71}.Release|Any CPU.ActiveCfg = Release|Any CPU
		{FC530E70-1FFF-4D34-8116-E3C5236EFF71}.Release|Any CPU.Build.0 = Release|Any CPU
		{CD136E18-59D6-4F95-BF92-07B976B4AAE8}.Debug|Any CPU.ActiveCfg = Debug|Any CPU
		{CD136E18-59D6-4F95-BF92-07B976B4AAE8}.Debug|Any CPU.Build.0 = Debug|Any CPU
		{CD136E18-59D6-4F95-BF92-07B976B4AAE8}.Release|Any CPU.ActiveCfg = Release|Any CPU
		{CD136E18-59D6-4F95-BF92-07B976B4AAE8}.Release|Any CPU.Build.0 = Release|Any CPU
		{0FC1D1FC-5CE9-4816-B8C2-552F3DBE354A}.Debug|Any CPU.ActiveCfg = Debug|Any CPU
		{0FC1D1FC-5CE9-4816-B8C2-552F3DBE354A}.Debug|Any CPU.Build.0 = Debug|Any CPU
		{0FC1D1FC-5CE9-4816-B8C2-552F3DBE354A}.Release|Any CPU.ActiveCfg = Release|Any CPU
		{0FC1D1FC-5CE9-4816-B8C2-552F3DBE354A}.Release|Any CPU.Build.0 = Release|Any CPU
		{8CE4BB63-6948-4CA3-97E5-8F6126AB2F28}.Debug|Any CPU.ActiveCfg = Debug|Any CPU
		{8CE4BB63-6948-4CA3-97E5-8F6126AB2F28}.Debug|Any CPU.Build.0 = Debug|Any CPU
		{8CE4BB63-6948-4CA3-97E5-8F6126AB2F28}.Release|Any CPU.ActiveCfg = Release|Any CPU
		{8CE4BB63-6948-4CA3-97E5-8F6126AB2F28}.Release|Any CPU.Build.0 = Release|Any CPU
		{9C953EDD-B57F-4922-BF40-44B7D1EF9E06}.Debug|Any CPU.ActiveCfg = Debug|Any CPU
		{9C953EDD-B57F-4922-BF40-44B7D1EF9E06}.Debug|Any CPU.Build.0 = Debug|Any CPU
		{9C953EDD-B57F-4922-BF40-44B7D1EF9E06}.Release|Any CPU.ActiveCfg = Release|Any CPU
		{9C953EDD-B57F-4922-BF40-44B7D1EF9E06}.Release|Any CPU.Build.0 = Release|Any CPU
		{99F4D25E-3715-4096-AC02-20BB060670E0}.Debug|Any CPU.ActiveCfg = Debug|Any CPU
		{99F4D25E-3715-4096-AC02-20BB060670E0}.Debug|Any CPU.Build.0 = Debug|Any CPU
		{99F4D25E-3715-4096-AC02-20BB060670E0}.Release|Any CPU.ActiveCfg = Release|Any CPU
		{99F4D25E-3715-4096-AC02-20BB060670E0}.Release|Any CPU.Build.0 = Release|Any CPU
		{D3E5E484-24B0-4A62-8BAB-D2CF63C32BE2}.Debug|Any CPU.ActiveCfg = Debug|Any CPU
		{D3E5E484-24B0-4A62-8BAB-D2CF63C32BE2}.Debug|Any CPU.Build.0 = Debug|Any CPU
		{D3E5E484-24B0-4A62-8BAB-D2CF63C32BE2}.Release|Any CPU.ActiveCfg = Release|Any CPU
		{D3E5E484-24B0-4A62-8BAB-D2CF63C32BE2}.Release|Any CPU.Build.0 = Release|Any CPU
		{159A79A7-9F1F-4132-9A16-1C5D3EE4FFD2}.Debug|Any CPU.ActiveCfg = Debug|Any CPU
		{159A79A7-9F1F-4132-9A16-1C5D3EE4FFD2}.Debug|Any CPU.Build.0 = Debug|Any CPU
		{159A79A7-9F1F-4132-9A16-1C5D3EE4FFD2}.Release|Any CPU.ActiveCfg = Release|Any CPU
		{159A79A7-9F1F-4132-9A16-1C5D3EE4FFD2}.Release|Any CPU.Build.0 = Release|Any CPU
		{BDD6CCA2-D89B-44E7-A86B-F5CABAFFDB10}.Debug|Any CPU.ActiveCfg = Debug|Any CPU
		{BDD6CCA2-D89B-44E7-A86B-F5CABAFFDB10}.Debug|Any CPU.Build.0 = Debug|Any CPU
		{BDD6CCA2-D89B-44E7-A86B-F5CABAFFDB10}.Release|Any CPU.ActiveCfg = Release|Any CPU
		{BDD6CCA2-D89B-44E7-A86B-F5CABAFFDB10}.Release|Any CPU.Build.0 = Release|Any CPU
		{F8DC5A4C-0F93-4A0C-A80E-BDE010E7A4AA}.Debug|Any CPU.ActiveCfg = Debug|Any CPU
		{F8DC5A4C-0F93-4A0C-A80E-BDE010E7A4AA}.Debug|Any CPU.Build.0 = Debug|Any CPU
		{F8DC5A4C-0F93-4A0C-A80E-BDE010E7A4AA}.Release|Any CPU.ActiveCfg = Release|Any CPU
		{F8DC5A4C-0F93-4A0C-A80E-BDE010E7A4AA}.Release|Any CPU.Build.0 = Release|Any CPU
		{24B43047-B197-4EB6-89AC-9B214EE71C8F}.Debug|Any CPU.ActiveCfg = Debug|Any CPU
		{24B43047-B197-4EB6-89AC-9B214EE71C8F}.Debug|Any CPU.Build.0 = Debug|Any CPU
		{24B43047-B197-4EB6-89AC-9B214EE71C8F}.Release|Any CPU.ActiveCfg = Release|Any CPU
		{24B43047-B197-4EB6-89AC-9B214EE71C8F}.Release|Any CPU.Build.0 = Release|Any CPU
		{77CDC169-EF5B-4FF7-9851-902413D557F5}.Debug|Any CPU.ActiveCfg = Debug|Any CPU
		{77CDC169-EF5B-4FF7-9851-902413D557F5}.Debug|Any CPU.Build.0 = Debug|Any CPU
		{77CDC169-EF5B-4FF7-9851-902413D557F5}.Release|Any CPU.ActiveCfg = Release|Any CPU
		{77CDC169-EF5B-4FF7-9851-902413D557F5}.Release|Any CPU.Build.0 = Release|Any CPU
		{3227001A-F20D-4A7D-AA72-AEF5202B233D}.Debug|Any CPU.ActiveCfg = Debug|Any CPU
		{3227001A-F20D-4A7D-AA72-AEF5202B233D}.Debug|Any CPU.Build.0 = Debug|Any CPU
		{3227001A-F20D-4A7D-AA72-AEF5202B233D}.Release|Any CPU.ActiveCfg = Release|Any CPU
		{3227001A-F20D-4A7D-AA72-AEF5202B233D}.Release|Any CPU.Build.0 = Release|Any CPU
		{4904198C-3920-4414-B074-0F7F73F56330}.Debug|Any CPU.ActiveCfg = Debug|Any CPU
		{4904198C-3920-4414-B074-0F7F73F56330}.Debug|Any CPU.Build.0 = Debug|Any CPU
		{4904198C-3920-4414-B074-0F7F73F56330}.Release|Any CPU.ActiveCfg = Release|Any CPU
		{4904198C-3920-4414-B074-0F7F73F56330}.Release|Any CPU.Build.0 = Release|Any CPU
		{04C0435B-CC61-4110-985B-FD09CAC4F127}.Debug|Any CPU.ActiveCfg = Debug|Any CPU
		{04C0435B-CC61-4110-985B-FD09CAC4F127}.Debug|Any CPU.Build.0 = Debug|Any CPU
		{04C0435B-CC61-4110-985B-FD09CAC4F127}.Release|Any CPU.ActiveCfg = Release|Any CPU
		{04C0435B-CC61-4110-985B-FD09CAC4F127}.Release|Any CPU.Build.0 = Release|Any CPU
	EndGlobalSection
	GlobalSection(SolutionProperties) = preSolution
		HideSolutionNode = FALSE
	EndGlobalSection
EndGlobal
